
Microsoft Visual Studio Solution File, Format Version 12.00
# Visual Studio Version 17
VisualStudioVersion = 17.4.33213.308
MinimumVisualStudioVersion = 10.0.40219.1
Project("{FAE04EC0-301F-11D3-BF4B-00C04F79EFBC}") = "FileBuilder", "FileBuilder.csproj", "{FBDE429E-C8A7-45F8-84B4-A422F223E3EF}"
EndProject
Global
	GlobalSection(SolutionConfigurationPlatforms) = preSolution
		Debug|Any CPU = Debug|Any CPU
		Release|Any CPU = Release|Any CPU
	EndGlobalSection
	GlobalSection(ProjectConfigurationPlatforms) = postSolution
		{FBDE429E-C8A7-45F8-84B4-A422F223E3EF}.Debug|Any CPU.ActiveCfg = Debug|Any CPU
		{FBDE429E-C8A7-45F8-84B4-A422F223E3EF}.Debug|Any CPU.Build.0 = Debug|Any CPU
		{FBDE429E-C8A7-45F8-84B4-A422F223E3EF}.Release|Any CPU.ActiveCfg = Release|Any CPU
		{FBDE429E-C8A7-45F8-84B4-A422F223E3EF}.Release|Any CPU.Build.0 = Release|Any CPU
	EndGlobalSection
	GlobalSection(SolutionProperties) = preSolution
		HideSolutionNode = FALSE
	EndGlobalSection
	GlobalSection(ExtensibilityGlobals) = postSolution
		SolutionGuid = {B9AD1047-4690-4B19-BB53-B3A35A55EC40}
	EndGlobalSection
EndGlobal
